
Microsoft Visual Studio Solution File, Format Version 12.00
Project("{FAE04EC0-301F-11D3-BF4B-00C04F79EFBC}") = "RobotsTxt", "RobotsTxt\RobotsTxt.csproj", "{644CC507-F8E5-4AA7-8ED6-84A81CA97FE8}"
EndProject
Project("{FAE04EC0-301F-11D3-BF4B-00C04F79EFBC}") = "ConsoleApplication", "ConsoleApplication\ConsoleApplication.csproj", "{515864D9-2CA4-47F7-9358-D2451DEC4639}"
EndProject
Project("{FAE04EC0-301F-11D3-BF4B-00C04F79EFBC}") = "TestRobotsTxt", "TestRobotsTxt\TestRobotsTxt.csproj", "{622C8CE4-5000-4BEE-A195-99490308EAC1}"
EndProject
Global
	GlobalSection(SolutionConfigurationPlatforms) = preSolution
		Debug|Any CPU = Debug|Any CPU
		Release|Any CPU = Release|Any CPU
	EndGlobalSection
	GlobalSection(ProjectConfigurationPlatforms) = postSolution
		{644CC507-F8E5-4AA7-8ED6-84A81CA97FE8}.Debug|Any CPU.ActiveCfg = Debug|Any CPU
		{644CC507-F8E5-4AA7-8ED6-84A81CA97FE8}.Debug|Any CPU.Build.0 = Debug|Any CPU
		{644CC507-F8E5-4AA7-8ED6-84A81CA97FE8}.Release|Any CPU.ActiveCfg = Release|Any CPU
		{644CC507-F8E5-4AA7-8ED6-84A81CA97FE8}.Release|Any CPU.Build.0 = Release|Any CPU
		{515864D9-2CA4-47F7-9358-D2451DEC4639}.Debug|Any CPU.ActiveCfg = Debug|Any CPU
		{515864D9-2CA4-47F7-9358-D2451DEC4639}.Debug|Any CPU.Build.0 = Debug|Any CPU
		{515864D9-2CA4-47F7-9358-D2451DEC4639}.Release|Any CPU.ActiveCfg = Release|Any CPU
		{515864D9-2CA4-47F7-9358-D2451DEC4639}.Release|Any CPU.Build.0 = Release|Any CPU
		{622C8CE4-5000-4BEE-A195-99490308EAC1}.Debug|Any CPU.ActiveCfg = Debug|Any CPU
		{622C8CE4-5000-4BEE-A195-99490308EAC1}.Debug|Any CPU.Build.0 = Debug|Any CPU
		{622C8CE4-5000-4BEE-A195-99490308EAC1}.Release|Any CPU.ActiveCfg = Release|Any CPU
		{622C8CE4-5000-4BEE-A195-99490308EAC1}.Release|Any CPU.Build.0 = Release|Any CPU
	EndGlobalSection
EndGlobal
